
Microsoft Visual Studio Solution File, Format Version 12.00
# Visual Studio Version 17
VisualStudioVersion = 17.4.33213.308
MinimumVisualStudioVersion = 10.0.40219.1
Project("{FAE04EC0-301F-11D3-BF4B-00C04F79EFBC}") = "IT257-Winter2023", "IT257-Winter2023\IT257-Winter2023.csproj", "{5A708312-31A0-4B5D-846F-CDD00F008761}"
EndProject
Global
	GlobalSection(SolutionConfigurationPlatforms) = preSolution
		Debug|Any CPU = Debug|Any CPU
		Release|Any CPU = Release|Any CPU
	EndGlobalSection
	GlobalSection(ProjectConfigurationPlatforms) = postSolution
		{5A708312-31A0-4B5D-846F-CDD00F008761}.Debug|Any CPU.ActiveCfg = Debug|Any CPU
		{5A708312-31A0-4B5D-846F-CDD00F008761}.Debug|Any CPU.Build.0 = Debug|Any CPU
		{5A708312-31A0-4B5D-846F-CDD00F008761}.Release|Any CPU.ActiveCfg = Release|Any CPU
		{5A708312-31A0-4B5D-846F-CDD00F008761}.Release|Any CPU.Build.0 = Release|Any CPU
	EndGlobalSection
	GlobalSection(SolutionProperties) = preSolution
		HideSolutionNode = FALSE
	EndGlobalSection
	GlobalSection(ExtensibilityGlobals) = postSolution
		SolutionGuid = {D2D0E2A3-C2C4-4AFB-AA24-D257D2A81CCA}
	EndGlobalSection
EndGlobal
